
Microsoft Visual Studio Solution File, Format Version 12.00
# Visual Studio Version 17
VisualStudioVersion = 17.7.34202.233
MinimumVisualStudioVersion = 10.0.40219.1
Project("{FAE04EC0-301F-11D3-BF4B-00C04F79EFBC}") = "OOPlb5_vitalik", "OOPlb5_vitalik\OOPlb5_vitalik.csproj", "{0F8C4867-4C65-41F9-A372-EB58DF1F14F3}"
EndProject
Global
	GlobalSection(SolutionConfigurationPlatforms) = preSolution
		Debug|Any CPU = Debug|Any CPU
		Release|Any CPU = Release|Any CPU
	EndGlobalSection
	GlobalSection(ProjectConfigurationPlatforms) = postSolution
		{0F8C4867-4C65-41F9-A372-EB58DF1F14F3}.Debug|Any CPU.ActiveCfg = Debug|Any CPU
		{0F8C4867-4C65-41F9-A372-EB58DF1F14F3}.Debug|Any CPU.Build.0 = Debug|Any CPU
		{0F8C4867-4C65-41F9-A372-EB58DF1F14F3}.Release|Any CPU.ActiveCfg = Release|Any CPU
		{0F8C4867-4C65-41F9-A372-EB58DF1F14F3}.Release|Any CPU.Build.0 = Release|Any CPU
	EndGlobalSection
	GlobalSection(SolutionProperties) = preSolution
		HideSolutionNode = FALSE
	EndGlobalSection
	GlobalSection(ExtensibilityGlobals) = postSolution
		SolutionGuid = {C85C3C56-6659-4172-BF92-2AA17D86276D}
	EndGlobalSection
EndGlobal
